
Microsoft Visual Studio Solution File, Format Version 12.00
# Visual Studio Version 16
VisualStudioVersion = 16.0.31205.134
MinimumVisualStudioVersion = 10.0.40219.1
Project("{FAE04EC0-301F-11D3-BF4B-00C04F79EFBC}") = "InvestorWebService", "InvestorWebService\InvestorWebService.csproj", "{379B73B5-1601-48A2-B220-080399D8AEFE}"
EndProject
Project("{FAE04EC0-301F-11D3-BF4B-00C04F79EFBC}") = "InvestorApp", "InvestorApp\InvestorApp.csproj", "{A1617E78-2276-4B7F-BDE8-3B909CC8AF02}"
EndProject
Global
	GlobalSection(SolutionConfigurationPlatforms) = preSolution
		Debug|Any CPU = Debug|Any CPU
		Release|Any CPU = Release|Any CPU
	EndGlobalSection
	GlobalSection(ProjectConfigurationPlatforms) = postSolution
		{379B73B5-1601-48A2-B220-080399D8AEFE}.Debug|Any CPU.ActiveCfg = Debug|Any CPU
		{379B73B5-1601-48A2-B220-080399D8AEFE}.Debug|Any CPU.Build.0 = Debug|Any CPU
		{379B73B5-1601-48A2-B220-080399D8AEFE}.Release|Any CPU.ActiveCfg = Release|Any CPU
		{379B73B5-1601-48A2-B220-080399D8AEFE}.Release|Any CPU.Build.0 = Release|Any CPU
		{A1617E78-2276-4B7F-BDE8-3B909CC8AF02}.Debug|Any CPU.ActiveCfg = Debug|Any CPU
		{A1617E78-2276-4B7F-BDE8-3B909CC8AF02}.Debug|Any CPU.Build.0 = Debug|Any CPU
		{A1617E78-2276-4B7F-BDE8-3B909CC8AF02}.Release|Any CPU.ActiveCfg = Release|Any CPU
		{A1617E78-2276-4B7F-BDE8-3B909CC8AF02}.Release|Any CPU.Build.0 = Release|Any CPU
	EndGlobalSection
	GlobalSection(SolutionProperties) = preSolution
		HideSolutionNode = FALSE
	EndGlobalSection
	GlobalSection(ExtensibilityGlobals) = postSolution
		SolutionGuid = {7F93908C-F259-46DB-AC5C-5A47F54AEAAC}
	EndGlobalSection
EndGlobal
